
Microsoft Visual Studio Solution File, Format Version 12.00
# Visual Studio 15
VisualStudioVersion = 15.0.28307.1340
MinimumVisualStudioVersion = 10.0.40219.1
Project("{FAE04EC0-301F-11D3-BF4B-00C04F79EFBC}") = "SBS.DAL", "SBS.DAL\SBS.DAL.csproj", "{B413AB5D-4B06-40CF-A445-C92AAFFA3FBA}"
EndProject
Project("{FAE04EC0-301F-11D3-BF4B-00C04F79EFBC}") = "SBS.BusinessEntity", "SBS.BusinessEntity\SBS.BusinessEntity.csproj", "{0F793DCA-A6EC-4363-AE33-4589B38102CA}"
EndProject
Project("{FAE04EC0-301F-11D3-BF4B-00C04F79EFBC}") = "SBS.ViewLayer", "SBS.ViewLayer\SBS.ViewLayer.csproj", "{5A3D0100-B2C4-4BE3-A70C-EE7CAA2DB045}"
EndProject
Project("{FAE04EC0-301F-11D3-BF4B-00C04F79EFBC}") = "SBS.Common", "SBS.Common\SBS.Common.csproj", "{3ADB4D72-A708-41EE-BC2F-E4284BD1E540}"
EndProject
Project("{FAE04EC0-301F-11D3-BF4B-00C04F79EFBC}") = "SBS.BLL", "SBS.BLL\SBS.BLL.csproj", "{46A4A38A-5495-437C-BAFB-30D1ECE32B9D}"
EndProject
Project("{FAE04EC0-301F-11D3-BF4B-00C04F79EFBC}") = "SBS.WebAPI", "SBS.WebAPI\SBS.WebAPI.csproj", "{EE1C6F09-F767-4908-A4BA-34D5D8A393DF}"
EndProject
Global
	GlobalSection(SolutionConfigurationPlatforms) = preSolution
		Debug|Any CPU = Debug|Any CPU
		Release|Any CPU = Release|Any CPU
	EndGlobalSection
	GlobalSection(ProjectConfigurationPlatforms) = postSolution
		{B413AB5D-4B06-40CF-A445-C92AAFFA3FBA}.Debug|Any CPU.ActiveCfg = Debug|Any CPU
		{B413AB5D-4B06-40CF-A445-C92AAFFA3FBA}.Debug|Any CPU.Build.0 = Debug|Any CPU
		{B413AB5D-4B06-40CF-A445-C92AAFFA3FBA}.Release|Any CPU.ActiveCfg = Release|Any CPU
		{B413AB5D-4B06-40CF-A445-C92AAFFA3FBA}.Release|Any CPU.Build.0 = Release|Any CPU
		{0F793DCA-A6EC-4363-AE33-4589B38102CA}.Debug|Any CPU.ActiveCfg = Debug|Any CPU
		{0F793DCA-A6EC-4363-AE33-4589B38102CA}.Debug|Any CPU.Build.0 = Debug|Any CPU
		{0F793DCA-A6EC-4363-AE33-4589B38102CA}.Release|Any CPU.ActiveCfg = Release|Any CPU
		{0F793DCA-A6EC-4363-AE33-4589B38102CA}.Release|Any CPU.Build.0 = Release|Any CPU
		{5A3D0100-B2C4-4BE3-A70C-EE7CAA2DB045}.Debug|Any CPU.ActiveCfg = Debug|Any CPU
		{5A3D0100-B2C4-4BE3-A70C-EE7CAA2DB045}.Debug|Any CPU.Build.0 = Debug|Any CPU
		{5A3D0100-B2C4-4BE3-A70C-EE7CAA2DB045}.Release|Any CPU.ActiveCfg = Release|Any CPU
		{5A3D0100-B2C4-4BE3-A70C-EE7CAA2DB045}.Release|Any CPU.Build.0 = Release|Any CPU
		{3ADB4D72-A708-41EE-BC2F-E4284BD1E540}.Debug|Any CPU.ActiveCfg = Debug|Any CPU
		{3ADB4D72-A708-41EE-BC2F-E4284BD1E540}.Debug|Any CPU.Build.0 = Debug|Any CPU
		{3ADB4D72-A708-41EE-BC2F-E4284BD1E540}.Release|Any CPU.ActiveCfg = Release|Any CPU
		{3ADB4D72-A708-41EE-BC2F-E4284BD1E540}.Release|Any CPU.Build.0 = Release|Any CPU
		{46A4A38A-5495-437C-BAFB-30D1ECE32B9D}.Debug|Any CPU.ActiveCfg = Debug|Any CPU
		{46A4A38A-5495-437C-BAFB-30D1ECE32B9D}.Debug|Any CPU.Build.0 = Debug|Any CPU
		{46A4A38A-5495-437C-BAFB-30D1ECE32B9D}.Release|Any CPU.ActiveCfg = Release|Any CPU
		{46A4A38A-5495-437C-BAFB-30D1ECE32B9D}.Release|Any CPU.Build.0 = Release|Any CPU
		{EE1C6F09-F767-4908-A4BA-34D5D8A393DF}.Debug|Any CPU.ActiveCfg = Debug|Any CPU
		{EE1C6F09-F767-4908-A4BA-34D5D8A393DF}.Debug|Any CPU.Build.0 = Debug|Any CPU
		{EE1C6F09-F767-4908-A4BA-34D5D8A393DF}.Release|Any CPU.ActiveCfg = Release|Any CPU
		{EE1C6F09-F767-4908-A4BA-34D5D8A393DF}.Release|Any CPU.Build.0 = Release|Any CPU
	EndGlobalSection
	GlobalSection(SolutionProperties) = preSolution
		HideSolutionNode = FALSE
	EndGlobalSection
	GlobalSection(ExtensibilityGlobals) = postSolution
		SolutionGuid = {5B197603-D3E0-4326-A1FA-45F01DD85788}
	EndGlobalSection
EndGlobal
