
Microsoft Visual Studio Solution File, Format Version 12.00
# Visual Studio 15
VisualStudioVersion = 15.0.28307.1267
MinimumVisualStudioVersion = 10.0.40219.1
Project("{FAE04EC0-301F-11D3-BF4B-00C04F79EFBC}") = "Source Control Final Assignment", "Source Control Final Assignment\Source Control Final Assignment.csproj", "{109723B2-11C6-40EE-8C14-3BEC6C2632F6}"
EndProject
Global
	GlobalSection(SolutionConfigurationPlatforms) = preSolution
		Debug|Any CPU = Debug|Any CPU
		Release|Any CPU = Release|Any CPU
	EndGlobalSection
	GlobalSection(ProjectConfigurationPlatforms) = postSolution
		{109723B2-11C6-40EE-8C14-3BEC6C2632F6}.Debug|Any CPU.ActiveCfg = Debug|Any CPU
		{109723B2-11C6-40EE-8C14-3BEC6C2632F6}.Debug|Any CPU.Build.0 = Debug|Any CPU
		{109723B2-11C6-40EE-8C14-3BEC6C2632F6}.Release|Any CPU.ActiveCfg = Release|Any CPU
		{109723B2-11C6-40EE-8C14-3BEC6C2632F6}.Release|Any CPU.Build.0 = Release|Any CPU
	EndGlobalSection
	GlobalSection(SolutionProperties) = preSolution
		HideSolutionNode = FALSE
	EndGlobalSection
	GlobalSection(ExtensibilityGlobals) = postSolution
		SolutionGuid = {21CA6B77-D6BE-4610-A84C-B9116683DBDF}
	EndGlobalSection
EndGlobal
